// !$*UTF8*$!
{
	archiveVersion = 1;
	classes = {
	};
	objectVersion = 46;
	objects = {

/* Begin PBXBuildFile section */
		5053396B1CABA9F1004990EF /* LoginViewController.m in Sources */ = {isa = PBXBuildFile; fileRef = 505339691CABA9F1004990EF /* LoginViewController.m */; };
		5053396C1CABA9F1004990EF /* LoginViewController.xib in Resources */ = {isa = PBXBuildFile; fileRef = 5053396A1CABA9F1004990EF /* LoginViewController.xib */; };
		5053396F1CABD429004990EF /* EssenceManager.m in Sources */ = {isa = PBXBuildFile; fileRef = 5053396E1CABD429004990EF /* EssenceManager.m */; };
		505339721CABD465004990EF /* XJNetWork.m in Sources */ = {isa = PBXBuildFile; fileRef = 505339711CABD465004990EF /* XJNetWork.m */; };
		50CCE3FC1CA907AE005A44A1 /* main.m in Sources */ = {isa = PBXBuildFile; fileRef = 50CCE3FB1CA907AE005A44A1 /* main.m */; };
		50CCE3FF1CA907AE005A44A1 /* AppDelegate.m in Sources */ = {isa = PBXBuildFile; fileRef = 50CCE3FE1CA907AE005A44A1 /* AppDelegate.m */; };
		50CCE4021CA907AE005A44A1 /* ViewController.m in Sources */ = {isa = PBXBuildFile; fileRef = 50CCE4011CA907AE005A44A1 /* ViewController.m */; };
		50CCE4051CA907AE005A44A1 /* Main.storyboard in Resources */ = {isa = PBXBuildFile; fileRef = 50CCE4031CA907AE005A44A1 /* Main.storyboard */; };
		50CCE4071CA907AE005A44A1 /* Assets.xcassets in Resources */ = {isa = PBXBuildFile; fileRef = 50CCE4061CA907AE005A44A1 /* Assets.xcassets */; };
		50CCE40A1CA907AE005A44A1 /* LaunchScreen.storyboard in Resources */ = {isa = PBXBuildFile; fileRef = 50CCE4081CA907AE005A44A1 /* LaunchScreen.storyboard */; };
		50CCE4151CA907AE005A44A1 /* BestNotEelderSisterTests.m in Sources */ = {isa = PBXBuildFile; fileRef = 50CCE4141CA907AE005A44A1 /* BestNotEelderSisterTests.m */; };
		50CCE4201CA907AE005A44A1 /* BestNotEelderSisterUITests.m in Sources */ = {isa = PBXBuildFile; fileRef = 50CCE41F1CA907AE005A44A1 /* BestNotEelderSisterUITests.m */; };
		50CCE4441CA909AE005A44A1 /* XJViewController.m in Sources */ = {isa = PBXBuildFile; fileRef = 50CCE4431CA909AE005A44A1 /* XJViewController.m */; };
		50CCE4471CA90A10005A44A1 /* UIColor+Tools.m in Sources */ = {isa = PBXBuildFile; fileRef = 50CCE4461CA90A10005A44A1 /* UIColor+Tools.m */; };
		50CCE44A1CA90A42005A44A1 /* XJNavigationController.m in Sources */ = {isa = PBXBuildFile; fileRef = 50CCE4491CA90A42005A44A1 /* XJNavigationController.m */; };
		50CCE4531CA90B62005A44A1 /* AddViewController.m in Sources */ = {isa = PBXBuildFile; fileRef = 50CCE4521CA90B62005A44A1 /* AddViewController.m */; };
		50CCE4561CA90B70005A44A1 /* EssenceViewController.m in Sources */ = {isa = PBXBuildFile; fileRef = 50CCE4551CA90B70005A44A1 /* EssenceViewController.m */; };
		50CCE4591CA90B7E005A44A1 /* FonsViewController.m in Sources */ = {isa = PBXBuildFile; fileRef = 50CCE4581CA90B7E005A44A1 /* FonsViewController.m */; };
		50CCE45C1CA90B92005A44A1 /* MineViewController.m in Sources */ = {isa = PBXBuildFile; fileRef = 50CCE45B1CA90B92005A44A1 /* MineViewController.m */; };
		50CCE45F1CA90BA2005A44A1 /* NewViewController.m in Sources */ = {isa = PBXBuildFile; fileRef = 50CCE45E1CA90BA2005A44A1 /* NewViewController.m */; };
		50CCE4651CA90DAA005A44A1 /* tarbar_infomation_normal@2x.png in Resources */ = {isa = PBXBuildFile; fileRef = 50CCE4611CA90DAA005A44A1 /* tarbar_infomation_normal@2x.png */; };
		50CCE4661CA90DAA005A44A1 /* tarbar_infomation_normal@3x.png in Resources */ = {isa = PBXBuildFile; fileRef = 50CCE4621CA90DAA005A44A1 /* tarbar_infomation_normal@3x.png */; };
		50CCE4671CA90DAA005A44A1 /* tarbar_infomation_selected@2x.png in Resources */ = {isa = PBXBuildFile; fileRef = 50CCE4631CA90DAA005A44A1 /* tarbar_infomation_selected@2x.png */; };
		50CCE4681CA90DAA005A44A1 /* tarbar_infomation_selected@3x.png in Resources */ = {isa = PBXBuildFile; fileRef = 50CCE4641CA90DAA005A44A1 /* tarbar_infomation_selected@3x.png */; };
		D962AE993B92EA53A2830D50 /* libPods.a in Frameworks */ = {isa = PBXBuildFile; fileRef = 80BCB85BCDE77CD7F873E115 /* libPods.a */; };
/* End PBXBuildFile section */

/* Begin PBXContainerItemProxy section */
		50CCE4111CA907AE005A44A1 /* PBXContainerItemProxy */ = {
			isa = PBXContainerItemProxy;
			containerPortal = 50CCE3EF1CA907AE005A44A1 /* Project object */;
			proxyType = 1;
			remoteGlobalIDString = 50CCE3F61CA907AE005A44A1;
			remoteInfo = BestNotEelderSister;
		};
		50CCE41C1CA907AE005A44A1 /* PBXContainerItemProxy */ = {
			isa = PBXContainerItemProxy;
			containerPortal = 50CCE3EF1CA907AE005A44A1 /* Project object */;
			proxyType = 1;
			remoteGlobalIDString = 50CCE3F61CA907AE005A44A1;
			remoteInfo = BestNotEelderSister;
		};
/* End PBXContainerItemProxy section */

/* Begin PBXFileReference section */
		505339681CABA9F1004990EF /* LoginViewController.h */ = {isa = PBXFileReference; fileEncoding = 4; lastKnownFileType = sourcecode.c.h; path = LoginViewController.h; sourceTree = "<group>"; };
		505339691CABA9F1004990EF /* LoginViewController.m */ = {isa = PBXFileReference; fileEncoding = 4; lastKnownFileType = sourcecode.c.objc; path = LoginViewController.m; sourceTree = "<group>"; };
		5053396A1CABA9F1004990EF /* LoginViewController.xib */ = {isa = PBXFileReference; fileEncoding = 4; lastKnownFileType = file.xib; path = LoginViewController.xib; sourceTree = "<group>"; };
		5053396D1CABD429004990EF /* EssenceManager.h */ = {isa = PBXFileReference; fileEncoding = 4; lastKnownFileType = sourcecode.c.h; path = EssenceManager.h; sourceTree = "<group>"; };
		5053396E1CABD429004990EF /* EssenceManager.m */ = {isa = PBXFileReference; fileEncoding = 4; lastKnownFileType = sourcecode.c.objc; path = EssenceManager.m; sourceTree = "<group>"; };
		505339701CABD465004990EF /* XJNetWork.h */ = {isa = PBXFileReference; fileEncoding = 4; lastKnownFileType = sourcecode.c.h; path = XJNetWork.h; sourceTree = "<group>"; };
		505339711CABD465004990EF /* XJNetWork.m */ = {isa = PBXFileReference; fileEncoding = 4; lastKnownFileType = sourcecode.c.objc; path = XJNetWork.m; sourceTree = "<group>"; };
		50CCE3F71CA907AE005A44A1 /* BestNotEelderSister.app */ = {isa = PBXFileReference; explicitFileType = wrapper.application; includeInIndex = 0; path = BestNotEelderSister.app; sourceTree = BUILT_PRODUCTS_DIR; };
		50CCE3FB1CA907AE005A44A1 /* main.m */ = {isa = PBXFileReference; lastKnownFileType = sourcecode.c.objc; path = main.m; sourceTree = "<group>"; };
		50CCE3FD1CA907AE005A44A1 /* AppDelegate.h */ = {isa = PBXFileReference; lastKnownFileType = sourcecode.c.h; path = AppDelegate.h; sourceTree = "<group>"; };
		50CCE3FE1CA907AE005A44A1 /* AppDelegate.m */ = {isa = PBXFileReference; lastKnownFileType = sourcecode.c.objc; path = AppDelegate.m; sourceTree = "<group>"; };
		50CCE4001CA907AE005A44A1 /* ViewController.h */ = {isa = PBXFileReference; lastKnownFileType = sourcecode.c.h; path = ViewController.h; sourceTree = "<group>"; };
		50CCE4011CA907AE005A44A1 /* ViewController.m */ = {isa = PBXFileReference; lastKnownFileType = sourcecode.c.objc; path = ViewController.m; sourceTree = "<group>"; };
		50CCE4041CA907AE005A44A1 /* Base */ = {isa = PBXFileReference; lastKnownFileType = file.storyboard; name = Base; path = Base.lproj/Main.storyboard; sourceTree = "<group>"; };
		50CCE4061CA907AE005A44A1 /* Assets.xcassets */ = {isa = PBXFileReference; lastKnownFileType = folder.assetcatalog; path = Assets.xcassets; sourceTree = "<group>"; };
		50CCE4091CA907AE005A44A1 /* Base */ = {isa = PBXFileReference; lastKnownFileType = file.storyboard; name = Base; path = Base.lproj/LaunchScreen.storyboard; sourceTree = "<group>"; };
		50CCE40B1CA907AE005A44A1 /* Info.plist */ = {isa = PBXFileReference; lastKnownFileType = text.plist.xml; path = Info.plist; sourceTree = "<group>"; };
		50CCE4101CA907AE005A44A1 /* BestNotEelderSisterTests.xctest */ = {isa = PBXFileReference; explicitFileType = wrapper.cfbundle; includeInIndex = 0; path = BestNotEelderSisterTests.xctest; sourceTree = BUILT_PRODUCTS_DIR; };
		50CCE4141CA907AE005A44A1 /* BestNotEelderSisterTests.m */ = {isa = PBXFileReference; lastKnownFileType = sourcecode.c.objc; path = BestNotEelderSisterTests.m; sourceTree = "<group>"; };
		50CCE4161CA907AE005A44A1 /* Info.plist */ = {isa = PBXFileReference; lastKnownFileType = text.plist.xml; path = Info.plist; sourceTree = "<group>"; };
		50CCE41B1CA907AE005A44A1 /* BestNotEelderSisterUITests.xctest */ = {isa = PBXFileReference; explicitFileType = wrapper.cfbundle; includeInIndex = 0; path = BestNotEelderSisterUITests.xctest; sourceTree = BUILT_PRODUCTS_DIR; };
		50CCE41F1CA907AE005A44A1 /* BestNotEelderSisterUITests.m */ = {isa = PBXFileReference; lastKnownFileType = sourcecode.c.objc; path = BestNotEelderSisterUITests.m; sourceTree = "<group>"; };
		50CCE4211CA907AE005A44A1 /* Info.plist */ = {isa = PBXFileReference; lastKnownFileType = text.plist.xml; path = Info.plist; sourceTree = "<group>"; };
		50CCE4421CA909AE005A44A1 /* XJViewController.h */ = {isa = PBXFileReference; fileEncoding = 4; lastKnownFileType = sourcecode.c.h; path = XJViewController.h; sourceTree = "<group>"; };
		50CCE4431CA909AE005A44A1 /* XJViewController.m */ = {isa = PBXFileReference; fileEncoding = 4; lastKnownFileType = sourcecode.c.objc; path = XJViewController.m; sourceTree = "<group>"; };
		50CCE4451CA90A10005A44A1 /* UIColor+Tools.h */ = {isa = PBXFileReference; fileEncoding = 4; lastKnownFileType = sourcecode.c.h; path = "UIColor+Tools.h"; sourceTree = "<group>"; };
		50CCE4461CA90A10005A44A1 /* UIColor+Tools.m */ = {isa = PBXFileReference; fileEncoding = 4; lastKnownFileType = sourcecode.c.objc; path = "UIColor+Tools.m"; sourceTree = "<group>"; };
		50CCE4481CA90A42005A44A1 /* XJNavigationController.h */ = {isa = PBXFileReference; fileEncoding = 4; lastKnownFileType = sourcecode.c.h; path = XJNavigationController.h; sourceTree = "<group>"; };
		50CCE4491CA90A42005A44A1 /* XJNavigationController.m */ = {isa = PBXFileReference; fileEncoding = 4; lastKnownFileType = sourcecode.c.objc; path = XJNavigationController.m; sourceTree = "<group>"; };
		50CCE4501CA90B13005A44A1 /* Common.h */ = {isa = PBXFileReference; lastKnownFileType = sourcecode.c.h; path = Common.h; sourceTree = "<group>"; };
		50CCE4511CA90B62005A44A1 /* AddViewController.h */ = {isa = PBXFileReference; fileEncoding = 4; lastKnownFileType = sourcecode.c.h; path = AddViewController.h; sourceTree = "<group>"; };
		50CCE4521CA90B62005A44A1 /* AddViewController.m */ = {isa = PBXFileReference; fileEncoding = 4; lastKnownFileType = sourcecode.c.objc; path = AddViewController.m; sourceTree = "<group>"; };
		50CCE4541CA90B70005A44A1 /* EssenceViewController.h */ = {isa = PBXFileReference; fileEncoding = 4; lastKnownFileType = sourcecode.c.h; path = EssenceViewController.h; sourceTree = "<group>"; };
		50CCE4551CA90B70005A44A1 /* EssenceViewController.m */ = {isa = PBXFileReference; fileEncoding = 4; lastKnownFileType = sourcecode.c.objc; path = EssenceViewController.m; sourceTree = "<group>"; };
		50CCE4571CA90B7E005A44A1 /* FonsViewController.h */ = {isa = PBXFileReference; fileEncoding = 4; lastKnownFileType = sourcecode.c.h; path = FonsViewController.h; sourceTree = "<group>"; };
		50CCE4581CA90B7E005A44A1 /* FonsViewController.m */ = {isa = PBXFileReference; fileEncoding = 4; lastKnownFileType = sourcecode.c.objc; path = FonsViewController.m; sourceTree = "<group>"; };
		50CCE45A1CA90B92005A44A1 /* MineViewController.h */ = {isa = PBXFileReference; fileEncoding = 4; lastKnownFileType = sourcecode.c.h; path = MineViewController.h; sourceTree = "<group>"; };
		50CCE45B1CA90B92005A44A1 /* MineViewController.m */ = {isa = PBXFileReference; fileEncoding = 4; lastKnownFileType = sourcecode.c.objc; path = MineViewController.m; sourceTree = "<group>"; };
		50CCE45D1CA90BA2005A44A1 /* NewViewController.h */ = {isa = PBXFileReference; fileEncoding = 4; lastKnownFileType = sourcecode.c.h; path = NewViewController.h; sourceTree = "<group>"; };
		50CCE45E1CA90BA2005A44A1 /* NewViewController.m */ = {isa = PBXFileReference; fileEncoding = 4; lastKnownFileType = sourcecode.c.objc; path = NewViewController.m; sourceTree = "<group>"; };
		50CCE4611CA90DAA005A44A1 /* tarbar_infomation_normal@2x.png */ = {isa = PBXFileReference; lastKnownFileType = image.png; path = "tarbar_infomation_normal@2x.png"; sourceTree = "<group>"; };
		50CCE4621CA90DAA005A44A1 /* tarbar_infomation_normal@3x.png */ = {isa = PBXFileReference; lastKnownFileType = image.png; path = "tarbar_infomation_normal@3x.png"; sourceTree = "<group>"; };
		50CCE4631CA90DAA005A44A1 /* tarbar_infomation_selected@2x.png */ = {isa = PBXFileReference; lastKnownFileType = image.png; path = "tarbar_infomation_selected@2x.png"; sourceTree = "<group>"; };
		50CCE4641CA90DAA005A44A1 /* tarbar_infomation_selected@3x.png */ = {isa = PBXFileReference; lastKnownFileType = image.png; path = "tarbar_infomation_selected@3x.png"; sourceTree = "<group>"; };
		80BCB85BCDE77CD7F873E115 /* libPods.a */ = {isa = PBXFileReference; explicitFileType = archive.ar; includeInIndex = 0; path = libPods.a; sourceTree = BUILT_PRODUCTS_DIR; };
		A76EC32E86D19F02F0DF67FF /* Pods.debug.xcconfig */ = {isa = PBXFileReference; includeInIndex = 1; lastKnownFileType = text.xcconfig; name = Pods.debug.xcconfig; path = "Pods/Target Support Files/Pods/Pods.debug.xcconfig"; sourceTree = "<group>"; };
		FDBED41F6784891ED277C04D /* Pods.release.xcconfig */ = {isa = PBXFileReference; includeInIndex = 1; lastKnownFileType = text.xcconfig; name = Pods.release.xcconfig; path = "Pods/Target Support Files/Pods/Pods.release.xcconfig"; sourceTree = "<group>"; };
/* End PBXFileReference section */

/* Begin PBXFrameworksBuildPhase section */
		50CCE3F41CA907AE005A44A1 /* Frameworks */ = {
			isa = PBXFrameworksBuildPhase;
			buildActionMask = 2147483647;
			files = (
				D962AE993B92EA53A2830D50 /* libPods.a in Frameworks */,
			);
			runOnlyForDeploymentPostprocessing = 0;
		};
		50CCE40D1CA907AE005A44A1 /* Frameworks */ = {
			isa = PBXFrameworksBuildPhase;
			buildActionMask = 2147483647;
			files = (
			);
			runOnlyForDeploymentPostprocessing = 0;
		};
		50CCE4181CA907AE005A44A1 /* Frameworks */ = {
			isa = PBXFrameworksBuildPhase;
			buildActionMask = 2147483647;
			files = (
			);
			runOnlyForDeploymentPostprocessing = 0;
		};
/* End PBXFrameworksBuildPhase section */

/* Begin PBXGroup section */
		3404CB0A3FD1EE00E4AE86F2 /* Pods */ = {
			isa = PBXGroup;
			children = (
				A76EC32E86D19F02F0DF67FF /* Pods.debug.xcconfig */,
				FDBED41F6784891ED277C04D /* Pods.release.xcconfig */,
			);
			name = Pods;
			sourceTree = "<group>";
		};
		50CCE3EE1CA907AE005A44A1 = {
			isa = PBXGroup;
			children = (
				50CCE3F91CA907AE005A44A1 /* BestNotEelderSister */,
				50CCE4131CA907AE005A44A1 /* BestNotEelderSisterTests */,
				50CCE41E1CA907AE005A44A1 /* BestNotEelderSisterUITests */,
				50CCE3F81CA907AE005A44A1 /* Products */,
				3404CB0A3FD1EE00E4AE86F2 /* Pods */,
				AF683DB369E7DD06A26E8027 /* Frameworks */,
			);
			sourceTree = "<group>";
		};
		50CCE3F81CA907AE005A44A1 /* Products */ = {
			isa = PBXGroup;
			children = (
				50CCE3F71CA907AE005A44A1 /* BestNotEelderSister.app */,
				50CCE4101CA907AE005A44A1 /* BestNotEelderSisterTests.xctest */,
				50CCE41B1CA907AE005A44A1 /* BestNotEelderSisterUITests.xctest */,
			);
			name = Products;
			sourceTree = "<group>";
		};
		50CCE3F91CA907AE005A44A1 /* BestNotEelderSister */ = {
			isa = PBXGroup;
			children = (
				50CCE3FD1CA907AE005A44A1 /* AppDelegate.h */,
				50CCE3FE1CA907AE005A44A1 /* AppDelegate.m */,
				50CCE4001CA907AE005A44A1 /* ViewController.h */,
				50CCE4011CA907AE005A44A1 /* ViewController.m */,
				50CCE4311CA90940005A44A1 /* Comon */,
				50CCE4321CA90940005A44A1 /* Essence */,
				50CCE43E1CA90940005A44A1 /* New */,
				50CCE42D1CA90940005A44A1 /* Add */,
				50CCE4361CA90940005A44A1 /* Fons */,
				50CCE43A1CA90940005A44A1 /* Mine */,
				50CCE4031CA907AE005A44A1 /* Main.storyboard */,
				50CCE4061CA907AE005A44A1 /* Assets.xcassets */,
				50CCE4081CA907AE005A44A1 /* LaunchScreen.storyboard */,
				50CCE40B1CA907AE005A44A1 /* Info.plist */,
				50CCE3FA1CA907AE005A44A1 /* Supporting Files */,
			);
			path = BestNotEelderSister;
			sourceTree = "<group>";
		};
		50CCE3FA1CA907AE005A44A1 /* Supporting Files */ = {
			isa = PBXGroup;
			children = (
				50CCE3FB1CA907AE005A44A1 /* main.m */,
			);
			name = "Supporting Files";
			sourceTree = "<group>";
		};
		50CCE4131CA907AE005A44A1 /* BestNotEelderSisterTests */ = {
			isa = PBXGroup;
			children = (
				50CCE4141CA907AE005A44A1 /* BestNotEelderSisterTests.m */,
				50CCE4161CA907AE005A44A1 /* Info.plist */,
			);
			path = BestNotEelderSisterTests;
			sourceTree = "<group>";
		};
		50CCE41E1CA907AE005A44A1 /* BestNotEelderSisterUITests */ = {
			isa = PBXGroup;
			children = (
				50CCE41F1CA907AE005A44A1 /* BestNotEelderSisterUITests.m */,
				50CCE4211CA907AE005A44A1 /* Info.plist */,
			);
			path = BestNotEelderSisterUITests;
			sourceTree = "<group>";
		};
		50CCE42D1CA90940005A44A1 /* Add */ = {
			isa = PBXGroup;
			children = (
				50CCE42E1CA90940005A44A1 /* Controller */,
				50CCE42F1CA90940005A44A1 /* Model */,
				50CCE4301CA90940005A44A1 /* View */,
			);
			path = Add;
			sourceTree = "<group>";
		};
		50CCE42E1CA90940005A44A1 /* Controller */ = {
			isa = PBXGroup;
			children = (
				50CCE4511CA90B62005A44A1 /* AddViewController.h */,
				50CCE4521CA90B62005A44A1 /* AddViewController.m */,
			);
			path = Controller;
			sourceTree = "<group>";
		};
		50CCE42F1CA90940005A44A1 /* Model */ = {
			isa = PBXGroup;
			children = (
			);
			path = Model;
			sourceTree = "<group>";
		};
		50CCE4301CA90940005A44A1 /* View */ = {
			isa = PBXGroup;
			children = (
			);
			path = View;
			sourceTree = "<group>";
		};
		50CCE4311CA90940005A44A1 /* Comon */ = {
			isa = PBXGroup;
			children = (
				50CCE4601CA90DAA005A44A1 /* Resouce */,
				505339681CABA9F1004990EF /* LoginViewController.h */,
				505339691CABA9F1004990EF /* LoginViewController.m */,
				5053396A1CABA9F1004990EF /* LoginViewController.xib */,
				50CCE4421CA909AE005A44A1 /* XJViewController.h */,
				50CCE4431CA909AE005A44A1 /* XJViewController.m */,
				50CCE4481CA90A42005A44A1 /* XJNavigationController.h */,
				50CCE4491CA90A42005A44A1 /* XJNavigationController.m */,
				505339701CABD465004990EF /* XJNetWork.h */,
				505339711CABD465004990EF /* XJNetWork.m */,
				50CCE4451CA90A10005A44A1 /* UIColor+Tools.h */,
				50CCE4461CA90A10005A44A1 /* UIColor+Tools.m */,
				50CCE4501CA90B13005A44A1 /* Common.h */,
			);
			path = Comon;
			sourceTree = "<group>";
		};
		50CCE4321CA90940005A44A1 /* Essence */ = {
			isa = PBXGroup;
			children = (
				50CCE4331CA90940005A44A1 /* Controller */,
				50CCE4341CA90940005A44A1 /* Model */,
				50CCE4351CA90940005A44A1 /* View */,
			);
			path = Essence;
			sourceTree = "<group>";
		};
		50CCE4331CA90940005A44A1 /* Controller */ = {
			isa = PBXGroup;
			children = (
				50CCE4541CA90B70005A44A1 /* EssenceViewController.h */,
				50CCE4551CA90B70005A44A1 /* EssenceViewController.m */,
			);
			path = Controller;
			sourceTree = "<group>";
		};
		50CCE4341CA90940005A44A1 /* Model */ = {
			isa = PBXGroup;
			children = (
				5053396D1CABD429004990EF /* EssenceManager.h */,
				5053396E1CABD429004990EF /* EssenceManager.m */,
			);
			path = Model;
			sourceTree = "<group>";
		};
		50CCE4351CA90940005A44A1 /* View */ = {
			isa = PBXGroup;
			children = (
			);
			path = View;
			sourceTree = "<group>";
		};
		50CCE4361CA90940005A44A1 /* Fons */ = {
			isa = PBXGroup;
			children = (
				50CCE4371CA90940005A44A1 /* Controller */,
				50CCE4381CA90940005A44A1 /* Model */,
				50CCE4391CA90940005A44A1 /* View */,
			);
			path = Fons;
			sourceTree = "<group>";
		};
		50CCE4371CA90940005A44A1 /* Controller */ = {
			isa = PBXGroup;
			children = (
				50CCE4571CA90B7E005A44A1 /* FonsViewController.h */,
				50CCE4581CA90B7E005A44A1 /* FonsViewController.m */,
			);
			path = Controller;
			sourceTree = "<group>";
		};
		50CCE4381CA90940005A44A1 /* Model */ = {
			isa = PBXGroup;
			children = (
			);
			path = Model;
			sourceTree = "<group>";
		};
		50CCE4391CA90940005A44A1 /* View */ = {
			isa = PBXGroup;
			children = (
			);
			path = View;
			sourceTree = "<group>";
		};
		50CCE43A1CA90940005A44A1 /* Mine */ = {
			isa = PBXGroup;
			children = (
				50CCE43B1CA90940005A44A1 /* Controller */,
				50CCE43C1CA90940005A44A1 /* Model */,
				50CCE43D1CA90940005A44A1 /* View */,
			);
			path = Mine;
			sourceTree = "<group>";
		};
		50CCE43B1CA90940005A44A1 /* Controller */ = {
			isa = PBXGroup;
			children = (
				50CCE45A1CA90B92005A44A1 /* MineViewController.h */,
				50CCE45B1CA90B92005A44A1 /* MineViewController.m */,
			);
			path = Controller;
			sourceTree = "<group>";
		};
		50CCE43C1CA90940005A44A1 /* Model */ = {
			isa = PBXGroup;
			children = (
			);
			path = Model;
			sourceTree = "<group>";
		};
		50CCE43D1CA90940005A44A1 /* View */ = {
			isa = PBXGroup;
			children = (
			);
			path = View;
			sourceTree = "<group>";
		};
		50CCE43E1CA90940005A44A1 /* New */ = {
			isa = PBXGroup;
			children = (
				50CCE43F1CA90940005A44A1 /* Controller */,
				50CCE4401CA90940005A44A1 /* Model */,
				50CCE4411CA90940005A44A1 /* View */,
			);
			path = New;
			sourceTree = "<group>";
		};
		50CCE43F1CA90940005A44A1 /* Controller */ = {
			isa = PBXGroup;
			children = (
				50CCE45D1CA90BA2005A44A1 /* NewViewController.h */,
				50CCE45E1CA90BA2005A44A1 /* NewViewController.m */,
			);
			path = Controller;
			sourceTree = "<group>";
		};
		50CCE4401CA90940005A44A1 /* Model */ = {
			isa = PBXGroup;
			children = (
			);
			path = Model;
			sourceTree = "<group>";
		};
		50CCE4411CA90940005A44A1 /* View */ = {
			isa = PBXGroup;
			children = (
			);
			path = View;
			sourceTree = "<group>";
		};
		50CCE4601CA90DAA005A44A1 /* Resouce */ = {
			isa = PBXGroup;
			children = (
				50CCE4611CA90DAA005A44A1 /* tarbar_infomation_normal@2x.png */,
				50CCE4621CA90DAA005A44A1 /* tarbar_infomation_normal@3x.png */,
				50CCE4631CA90DAA005A44A1 /* tarbar_infomation_selected@2x.png */,
				50CCE4641CA90DAA005A44A1 /* tarbar_infomation_selected@3x.png */,
			);
			path = Resouce;
			sourceTree = "<group>";
		};
		AF683DB369E7DD06A26E8027 /* Frameworks */ = {
			isa = PBXGroup;
			children = (
				80BCB85BCDE77CD7F873E115 /* libPods.a */,
			);
			name = Frameworks;
			sourceTree = "<group>";
		};
/* End PBXGroup section */

/* Begin PBXNativeTarget section */
		50CCE3F61CA907AE005A44A1 /* BestNotEelderSister */ = {
			isa = PBXNativeTarget;
			buildConfigurationList = 50CCE4241CA907AF005A44A1 /* Build configuration list for PBXNativeTarget "BestNotEelderSister" */;
			buildPhases = (
				84AA1FED99444D1946703A97 /* Check Pods Manifest.lock */,
				50CCE3F31CA907AE005A44A1 /* Sources */,
				50CCE3F41CA907AE005A44A1 /* Frameworks */,
				50CCE3F51CA907AE005A44A1 /* Resources */,
				5A4F923C1505F284849353AF /* Copy Pods Resources */,
			);
			buildRules = (
			);
			dependencies = (
			);
			name = BestNotEelderSister;
			productName = BestNotEelderSister;
			productReference = 50CCE3F71CA907AE005A44A1 /* BestNotEelderSister.app */;
			productType = "com.apple.product-type.application";
		};
		50CCE40F1CA907AE005A44A1 /* BestNotEelderSisterTests */ = {
			isa = PBXNativeTarget;
			buildConfigurationList = 50CCE4271CA907AF005A44A1 /* Build configuration list for PBXNativeTarget "BestNotEelderSisterTests" */;
			buildPhases = (
				50CCE40C1CA907AE005A44A1 /* Sources */,
				50CCE40D1CA907AE005A44A1 /* Frameworks */,
				50CCE40E1CA907AE005A44A1 /* Resources */,
			);
			buildRules = (
			);
			dependencies = (
				50CCE4121CA907AE005A44A1 /* PBXTargetDependency */,
			);
			name = BestNotEelderSisterTests;
			productName = BestNotEelderSisterTests;
			productReference = 50CCE4101CA907AE005A44A1 /* BestNotEelderSisterTests.xctest */;
			productType = "com.apple.product-type.bundle.unit-test";
		};
		50CCE41A1CA907AE005A44A1 /* BestNotEelderSisterUITests */ = {
			isa = PBXNativeTarget;
			buildConfigurationList = 50CCE42A1CA907AF005A44A1 /* Build configuration list for PBXNativeTarget "BestNotEelderSisterUITests" */;
			buildPhases = (
				50CCE4171CA907AE005A44A1 /* Sources */,
				50CCE4181CA907AE005A44A1 /* Frameworks */,
				50CCE4191CA907AE005A44A1 /* Resources */,
			);
			buildRules = (
			);
			dependencies = (
				50CCE41D1CA907AE005A44A1 /* PBXTargetDependency */,
			);
			name = BestNotEelderSisterUITests;
			productName = BestNotEelderSisterUITests;
			productReference = 50CCE41B1CA907AE005A44A1 /* BestNotEelderSisterUITests.xctest */;
			productType = "com.apple.product-type.bundle.ui-testing";
		};
/* End PBXNativeTarget section */

/* Begin PBXProject section */
		50CCE3EF1CA907AE005A44A1 /* Project object */ = {
			isa = PBXProject;
			attributes = {
				CLASSPREFIX = "";
				LastUpgradeCheck = 0720;
				ORGANIZATIONNAME = XJ;
				TargetAttributes = {
					50CCE3F61CA907AE005A44A1 = {
						CreatedOnToolsVersion = 7.2;
					};
					50CCE40F1CA907AE005A44A1 = {
						CreatedOnToolsVersion = 7.2;
						TestTargetID = 50CCE3F61CA907AE005A44A1;
					};
					50CCE41A1CA907AE005A44A1 = {
						CreatedOnToolsVersion = 7.2;
						TestTargetID = 50CCE3F61CA907AE005A44A1;
					};
				};
			};
			buildConfigurationList = 50CCE3F21CA907AE005A44A1 /* Build configuration list for PBXProject "BestNotEelderSister" */;
			compatibilityVersion = "Xcode 3.2";
			developmentRegion = English;
			hasScannedForEncodings = 0;
			knownRegions = (
				en,
				Base,
			);
			mainGroup = 50CCE3EE1CA907AE005A44A1;
			productRefGroup = 50CCE3F81CA907AE005A44A1 /* Products */;
			projectDirPath = "";
			projectRoot = "";
			targets = (
				50CCE3F61CA907AE005A44A1 /* BestNotEelderSister */,
				50CCE40F1CA907AE005A44A1 /* BestNotEelderSisterTests */,
				50CCE41A1CA907AE005A44A1 /* BestNotEelderSisterUITests */,
			);
		};
/* End PBXProject section */

/* Begin PBXResourcesBuildPhase section */
		50CCE3F51CA907AE005A44A1 /* Resources */ = {
			isa = PBXResourcesBuildPhase;
			buildActionMask = 2147483647;
			files = (
				5053396C1CABA9F1004990EF /* LoginViewController.xib in Resources */,
				50CCE40A1CA907AE005A44A1 /* LaunchScreen.storyboard in Resources */,
				50CCE4071CA907AE005A44A1 /* Assets.xcassets in Resources */,
				50CCE4681CA90DAA005A44A1 /* tarbar_infomation_selected@3x.png in Resources */,
				50CCE4051CA907AE005A44A1 /* Main.storyboard in Resources */,
				50CCE4671CA90DAA005A44A1 /* tarbar_infomation_selected@2x.png in Resources */,
				50CCE4651CA90DAA005A44A1 /* tarbar_infomation_normal@2x.png in Resources */,
				50CCE4661CA90DAA005A44A1 /* tarbar_infomation_normal@3x.png in Resources */,
			);
			runOnlyForDeploymentPostprocessing = 0;
		};
		50CCE40E1CA907AE005A44A1 /* Resources */ = {
			isa = PBXResourcesBuildPhase;
			buildActionMask = 2147483647;
			files = (
			);
			runOnlyForDeploymentPostprocessing = 0;
		};
		50CCE4191CA907AE005A44A1 /* Resources */ = {
			isa = PBXResourcesBuildPhase;
			buildActionMask = 2147483647;
			files = (
			);
			runOnlyForDeploymentPostprocessing = 0;
		};
/* End PBXResourcesBuildPhase section */

/* Begin PBXShellScriptBuildPhase section */
		5A4F923C1505F284849353AF /* Copy Pods Resources */ = {
			isa = PBXShellScriptBuildPhase;
			buildActionMask = 2147483647;
			files = (
			);
			inputPaths = (
			);
			name = "Copy Pods Resources";
			outputPaths = (
			);
			runOnlyForDeploymentPostprocessing = 0;
			shellPath = /bin/sh;
			shellScript = "\"${SRCROOT}/Pods/Target Support Files/Pods/Pods-resources.sh\"\n";
			showEnvVarsInLog = 0;
		};
		84AA1FED99444D1946703A97 /* Check Pods Manifest.lock */ = {
			isa = PBXShellScriptBuildPhase;
			buildActionMask = 2147483647;
			files = (
			);
			inputPaths = (
			);
			name = "Check Pods Manifest.lock";
			outputPaths = (
			);
			runOnlyForDeploymentPostprocessing = 0;
			shellPath = /bin/sh;
			shellScript = "diff \"${PODS_ROOT}/../Podfile.lock\" \"${PODS_ROOT}/Manifest.lock\" > /dev/null\nif [[ $? != 0 ]] ; then\n    cat << EOM\nerror: The sandbox is not in sync with the Podfile.lock. Run 'pod install' or update your CocoaPods installation.\nEOM\n    exit 1\nfi\n";
			showEnvVarsInLog = 0;
		};
/* End PBXShellScriptBuildPhase section */

/* Begin PBXSourcesBuildPhase section */
		50CCE3F31CA907AE005A44A1 /* Sources */ = {
			isa = PBXSourcesBuildPhase;
			buildActionMask = 2147483647;
			files = (
				50CCE4021CA907AE005A44A1 /* ViewController.m in Sources */,
				50CCE44A1CA90A42005A44A1 /* XJNavigationController.m in Sources */,
				50CCE3FF1CA907AE005A44A1 /* AppDelegate.m in Sources */,
				50CCE4531CA90B62005A44A1 /* AddViewController.m in Sources */,
				50CCE4441CA909AE005A44A1 /* XJViewController.m in Sources */,
				50CCE4591CA90B7E005A44A1 /* FonsViewController.m in Sources */,
				505339721CABD465004990EF /* XJNetWork.m in Sources */,
				50CCE45F1CA90BA2005A44A1 /* NewViewController.m in Sources */,
				50CCE3FC1CA907AE005A44A1 /* main.m in Sources */,
				5053396B1CABA9F1004990EF /* LoginViewController.m in Sources */,
				50CCE45C1CA90B92005A44A1 /* MineViewController.m in Sources */,
				50CCE4471CA90A10005A44A1 /* UIColor+Tools.m in Sources */,
				50CCE4561CA90B70005A44A1 /* EssenceViewController.m in Sources */,
				5053396F1CABD429004990EF /* EssenceManager.m in Sources */,
			);
			runOnlyForDeploymentPostprocessing = 0;
		};
		50CCE40C1CA907AE005A44A1 /* Sources */ = {
			isa = PBXSourcesBuildPhase;
			buildActionMask = 2147483647;
			files = (
				50CCE4151CA907AE005A44A1 /* BestNotEelderSisterTests.m in Sources */,
			);
			runOnlyForDeploymentPostprocessing = 0;
		};
		50CCE4171CA907AE005A44A1 /* Sources */ = {
			isa = PBXSourcesBuildPhase;
			buildActionMask = 2147483647;
			files = (
				50CCE4201CA907AE005A44A1 /* BestNotEelderSisterUITests.m in Sources */,
			);
			runOnlyForDeploymentPostprocessing = 0;
		};
/* End PBXSourcesBuildPhase section */

/* Begin PBXTargetDependency section */
		50CCE4121CA907AE005A44A1 /* PBXTargetDependency */ = {
			isa = PBXTargetDependency;
			target = 50CCE3F61CA907AE005A44A1 /* BestNotEelderSister */;
			targetProxy = 50CCE4111CA907AE005A44A1 /* PBXContainerItemProxy */;
		};
		50CCE41D1CA907AE005A44A1 /* PBXTargetDependency */ = {
			isa = PBXTargetDependency;
			target = 50CCE3F61CA907AE005A44A1 /* BestNotEelderSister */;
			targetProxy = 50CCE41C1CA907AE005A44A1 /* PBXContainerItemProxy */;
		};
/* End PBXTargetDependency section */

/* Begin PBXVariantGroup section */
		50CCE4031CA907AE005A44A1 /* Main.storyboard */ = {
			isa = PBXVariantGroup;
			children = (
				50CCE4041CA907AE005A44A1 /* Base */,
			);
			name = Main.storyboard;
			sourceTree = "<group>";
		};
		50CCE4081CA907AE005A44A1 /* LaunchScreen.storyboard */ = {
			isa = PBXVariantGroup;
			children = (
				50CCE4091CA907AE005A44A1 /* Base */,
			);
			name = LaunchScreen.storyboard;
			sourceTree = "<group>";
		};
/* End PBXVariantGroup section */

/* Begin XCBuildConfiguration section */
		50CCE4221CA907AF005A44A1 /* Debug */ = {
			isa = XCBuildConfiguration;
			buildSettings = {
				ALWAYS_SEARCH_USER_PATHS = NO;
				CLANG_CXX_LANGUAGE_STANDARD = "gnu++0x";
				CLANG_CXX_LIBRARY = "libc++";
				CLANG_ENABLE_MODULES = YES;
				CLANG_ENABLE_OBJC_ARC = YES;
				CLANG_WARN_BOOL_CONVERSION = YES;
				CLANG_WARN_CONSTANT_CONVERSION = YES;
				CLANG_WARN_DIRECT_OBJC_ISA_USAGE = YES_ERROR;
				CLANG_WARN_EMPTY_BODY = YES;
				CLANG_WARN_ENUM_CONVERSION = YES;
				CLANG_WARN_INT_CONVERSION = YES;
				CLANG_WARN_OBJC_ROOT_CLASS = YES_ERROR;
				CLANG_WARN_UNREACHABLE_CODE = YES;
				CLANG_WARN__DUPLICATE_METHOD_MATCH = YES;
				"CODE_SIGN_IDENTITY[sdk=iphoneos*]" = "iPhone Developer";
				COPY_PHASE_STRIP = NO;
				DEBUG_INFORMATION_FORMAT = dwarf;
				ENABLE_STRICT_OBJC_MSGSEND = YES;
				ENABLE_TESTABILITY = YES;
				GCC_C_LANGUAGE_STANDARD = gnu99;
				GCC_DYNAMIC_NO_PIC = NO;
				GCC_NO_COMMON_BLOCKS = YES;
				GCC_OPTIMIZATION_LEVEL = 0;
				GCC_PREPROCESSOR_DEFINITIONS = (
					"DEBUG=1",
					"$(inherited)",
				);
				GCC_WARN_64_TO_32_BIT_CONVERSION = YES;
				GCC_WARN_ABOUT_RETURN_TYPE = YES_ERROR;
				GCC_WARN_UNDECLARED_SELECTOR = YES;
				GCC_WARN_UNINITIALIZED_AUTOS = YES_AGGRESSIVE;
				GCC_WARN_UNUSED_FUNCTION = YES;
				GCC_WARN_UNUSED_VARIABLE = YES;
				IPHONEOS_DEPLOYMENT_TARGET = 9.2;
				MTL_ENABLE_DEBUG_INFO = YES;
				ONLY_ACTIVE_ARCH = YES;
				SDKROOT = iphoneos;
			};
			name = Debug;
		};
		50CCE4231CA907AF005A44A1 /* Release */ = {
			isa = XCBuildConfiguration;
			buildSettings = {
				ALWAYS_SEARCH_USER_PATHS = NO;
				CLANG_CXX_LANGUAGE_STANDARD = "gnu++0x";
				CLANG_CXX_LIBRARY = "libc++";
				CLANG_ENABLE_MODULES = YES;
				CLANG_ENABLE_OBJC_ARC = YES;
				CLANG_WARN_BOOL_CONVERSION = YES;
				CLANG_WARN_CONSTANT_CONVERSION = YES;
				CLANG_WARN_DIRECT_OBJC_ISA_USAGE = YES_ERROR;
				CLANG_WARN_EMPTY_BODY = YES;
				CLANG_WARN_ENUM_CONVERSION = YES;
				CLANG_WARN_INT_CONVERSION = YES;
				CLANG_WARN_OBJC_ROOT_CLASS = YES_ERROR;
				CLANG_WARN_UNREACHABLE_CODE = YES;
				CLANG_WARN__DUPLICATE_METHOD_MATCH = YES;
				"CODE_SIGN_IDENTITY[sdk=iphoneos*]" = "iPhone Developer";
				COPY_PHASE_STRIP = NO;
				DEBUG_INFORMATION_FORMAT = "dwarf-with-dsym";
				ENABLE_NS_ASSERTIONS = NO;
				ENABLE_STRICT_OBJC_MSGSEND = YES;
				GCC_C_LANGUAGE_STANDARD = gnu99;
				GCC_NO_COMMON_BLOCKS = YES;
				GCC_WARN_64_TO_32_BIT_CONVERSION = YES;
				GCC_WARN_ABOUT_RETURN_TYPE = YES_ERROR;
				GCC_WARN_UNDECLARED_SELECTOR = YES;
				GCC_WARN_UNINITIALIZED_AUTOS = YES_AGGRESSIVE;
				GCC_WARN_UNUSED_FUNCTION = YES;
				GCC_WARN_UNUSED_VARIABLE = YES;
				IPHONEOS_DEPLOYMENT_TARGET = 9.2;
				MTL_ENABLE_DEBUG_INFO = NO;
				SDKROOT = iphoneos;
				VALIDATE_PRODUCT = YES;
			};
			name = Release;
		};
		50CCE4251CA907AF005A44A1 /* Debug */ = {
			isa = XCBuildConfiguration;
			baseConfigurationReference = A76EC32E86D19F02F0DF67FF /* Pods.debug.xcconfig */;
			buildSettings = {
				ASSETCATALOG_COMPILER_APPICON_NAME = AppIcon;
				INFOPLIST_FILE = BestNotEelderSister/Info.plist;
				LD_RUNPATH_SEARCH_PATHS = "$(inherited) @executable_path/Frameworks";
				PRODUCT_BUNDLE_IDENTIFIER = com.BestNotEelderSister;
				PRODUCT_NAME = "$(TARGET_NAME)";
			};
			name = Debug;
		};
		50CCE4261CA907AF005A44A1 /* Release */ = {
			isa = XCBuildConfiguration;
			baseConfigurationReference = FDBED41F6784891ED277C04D /* Pods.release.xcconfig */;
			buildSettings = {
				ASSETCATALOG_COMPILER_APPICON_NAME = AppIcon;
				INFOPLIST_FILE = BestNotEelderSister/Info.plist;
				LD_RUNPATH_SEARCH_PATHS = "$(inherited) @executable_path/Frameworks";
				PRODUCT_BUNDLE_IDENTIFIER = com.BestNotEelderSister;
				PRODUCT_NAME = "$(TARGET_NAME)";
			};
			name = Release;
		};
		50CCE4281CA907AF005A44A1 /* Debug */ = {
			isa = XCBuildConfiguration;
			buildSettings = {
				BUNDLE_LOADER = "$(TEST_HOST)";
				INFOPLIST_FILE = BestNotEelderSisterTests/Info.plist;
				LD_RUNPATH_SEARCH_PATHS = "$(inherited) @executable_path/Frameworks @loader_path/Frameworks";
				PRODUCT_BUNDLE_IDENTIFIER = com.BestNotEelderSisterTests;
				PRODUCT_NAME = "$(TARGET_NAME)";
				TEST_HOST = "$(BUILT_PRODUCTS_DIR)/BestNotEelderSister.app/BestNotEelderSister";
			};
			name = Debug;
		};
		50CCE4291CA907AF005A44A1 /* Release */ = {
			isa = XCBuildConfiguration;
			buildSettings = {
				BUNDLE_LOADER = "$(TEST_HOST)";
				INFOPLIST_FILE = BestNotEelderSisterTests/Info.plist;
				LD_RUNPATH_SEARCH_PATHS = "$(inherited) @executable_path/Frameworks @loader_path/Frameworks";
				PRODUCT_BUNDLE_IDENTIFIER = com.BestNotEelderSisterTests;
				PRODUCT_NAME = "$(TARGET_NAME)";
				TEST_HOST = "$(BUILT_PRODUCTS_DIR)/BestNotEelderSister.app/BestNotEelderSister";
			};
			name = Release;
		};
		50CCE42B1CA907AF005A44A1 /* Debug */ = {
			isa = XCBuildConfiguration;
			buildSettings = {
				INFOPLIST_FILE = BestNotEelderSisterUITests/Info.plist;
				LD_RUNPATH_SEARCH_PATHS = "$(inherited) @executable_path/Frameworks @loader_path/Frameworks";
				PRODUCT_BUNDLE_IDENTIFIER = com.BestNotEelderSisterUITests;
				PRODUCT_NAME = "$(TARGET_NAME)";
				TEST_TARGET_NAME = BestNotEelderSister;
				USES_XCTRUNNER = YES;
			};
			name = Debug;
		};
		50CCE42C1CA907AF005A44A1 /* Release */ = {
			isa = XCBuildConfiguration;
			buildSettings = {
				INFOPLIST_FILE = BestNotEelderSisterUITests/Info.plist;
				LD_RUNPATH_SEARCH_PATHS = "$(inherited) @executable_path/Frameworks @loader_path/Frameworks";
				PRODUCT_BUNDLE_IDENTIFIER = com.BestNotEelderSisterUITests;
				PRODUCT_NAME = "$(TARGET_NAME)";
				TEST_TARGET_NAME = BestNotEelderSister;
				USES_XCTRUNNER = YES;
			};
			name = Release;
		};
/* End XCBuildConfiguration section */

/* Begin XCConfigurationList section */
		50CCE3F21CA907AE005A44A1 /* Build configuration list for PBXProject "BestNotEelderSister" */ = {
			isa = XCConfigurationList;
			buildConfigurations = (
				50CCE4221CA907AF005A44A1 /* Debug */,
				50CCE4231CA907AF005A44A1 /* Release */,
			);
			defaultConfigurationIsVisible = 0;
			defaultConfigurationName = Release;
		};
		50CCE4241CA907AF005A44A1 /* Build configuration list for PBXNativeTarget "BestNotEelderSister" */ = {
			isa = XCConfigurationList;
			buildConfigurations = (
				50CCE4251CA907AF005A44A1 /* Debug */,
				50CCE4261CA907AF005A44A1 /* Release */,
			);
			defaultConfigurationIsVisible = 0;
			defaultConfigurationName = Release;
		};
		50CCE4271CA907AF005A44A1 /* Build configuration list for PBXNativeTarget "BestNotEelderSisterTests" */ = {
			isa = XCConfigurationList;
			buildConfigurations = (
				50CCE4281CA907AF005A44A1 /* Debug */,
				50CCE4291CA907AF005A44A1 /* Release */,
			);
			defaultConfigurationIsVisible = 0;
			defaultConfigurationName = Release;
		};
		50CCE42A1CA907AF005A44A1 /* Build configuration list for PBXNativeTarget "BestNotEelderSisterUITests" */ = {
			isa = XCConfigurationList;
			buildConfigurations = (
				50CCE42B1CA907AF005A44A1 /* Debug */,
				50CCE42C1CA907AF005A44A1 /* Release */,
			);
			defaultConfigurationIsVisible = 0;
			defaultConfigurationName = Release;
		};
/* End XCConfigurationList section */
	};
	rootObject = 50CCE3EF1CA907AE005A44A1 /* Project object */;
}
